
Microsoft Visual Studio Solution File, Format Version 12.00
# Visual Studio Version 16
VisualStudioVersion = 16.0.33927.289
MinimumVisualStudioVersion = 10.0.40219.1
Project("{FAE04EC0-301F-11D3-BF4B-00C04F79EFBC}") = "BaiTapWeb1b", "BaiTapWeb1b\BaiTapWeb1b.csproj", "{232DD132-7357-46FC-BB75-2709A72A6F9C}"
EndProject
Global
	GlobalSection(SolutionConfigurationPlatforms) = preSolution
		Debug|Any CPU = Debug|Any CPU
		Release|Any CPU = Release|Any CPU
	EndGlobalSection
	GlobalSection(ProjectConfigurationPlatforms) = postSolution
		{232DD132-7357-46FC-BB75-2709A72A6F9C}.Debug|Any CPU.ActiveCfg = Debug|Any CPU
		{232DD132-7357-46FC-BB75-2709A72A6F9C}.Debug|Any CPU.Build.0 = Debug|Any CPU
		{232DD132-7357-46FC-BB75-2709A72A6F9C}.Release|Any CPU.ActiveCfg = Release|Any CPU
		{232DD132-7357-46FC-BB75-2709A72A6F9C}.Release|Any CPU.Build.0 = Release|Any CPU
	EndGlobalSection
	GlobalSection(SolutionProperties) = preSolution
		HideSolutionNode = FALSE
	EndGlobalSection
	GlobalSection(ExtensibilityGlobals) = postSolution
		SolutionGuid = {319B5B7D-3563-4706-9934-5151266645CC}
	EndGlobalSection
EndGlobal
